
Microsoft Visual Studio Solution File, Format Version 12.00
# Visual Studio Version 16
VisualStudioVersion = 16.0.31613.86
MinimumVisualStudioVersion = 10.0.40219.1
Project("{9A19103F-16F7-4668-BE54-9A1E7A4F7556}") = "TP_03", "TP_03\TP_03.csproj", "{765FC4A3-8240-4CBA-8213-2E1A0514BDA2}"
EndProject
Project("{FAE04EC0-301F-11D3-BF4B-00C04F79EFBC}") = "Exepciones", "Exepciones\Exepciones.csproj", "{CDDCDC20-197B-44D6-B580-EF375FAF3903}"
EndProject
Project("{FAE04EC0-301F-11D3-BF4B-00C04F79EFBC}") = "TestConsola", "TestConsola\TestConsola.csproj", "{CA011850-6DBC-46D3-960B-840427B2F9B3}"
EndProject
Project("{FAE04EC0-301F-11D3-BF4B-00C04F79EFBC}") = "Entidades", "Entidades\Entidades.csproj", "{2302E0B2-D8EB-4827-8C26-3CEB108A4F3A}"
EndProject
Global
	GlobalSection(SolutionConfigurationPlatforms) = preSolution
		Debug|Any CPU = Debug|Any CPU
		Release|Any CPU = Release|Any CPU
	EndGlobalSection
	GlobalSection(ProjectConfigurationPlatforms) = postSolution
		{765FC4A3-8240-4CBA-8213-2E1A0514BDA2}.Debug|Any CPU.ActiveCfg = Debug|Any CPU
		{765FC4A3-8240-4CBA-8213-2E1A0514BDA2}.Debug|Any CPU.Build.0 = Debug|Any CPU
		{765FC4A3-8240-4CBA-8213-2E1A0514BDA2}.Release|Any CPU.ActiveCfg = Release|Any CPU
		{765FC4A3-8240-4CBA-8213-2E1A0514BDA2}.Release|Any CPU.Build.0 = Release|Any CPU
		{CDDCDC20-197B-44D6-B580-EF375FAF3903}.Debug|Any CPU.ActiveCfg = Debug|Any CPU
		{CDDCDC20-197B-44D6-B580-EF375FAF3903}.Debug|Any CPU.Build.0 = Debug|Any CPU
		{CDDCDC20-197B-44D6-B580-EF375FAF3903}.Release|Any CPU.ActiveCfg = Release|Any CPU
		{CDDCDC20-197B-44D6-B580-EF375FAF3903}.Release|Any CPU.Build.0 = Release|Any CPU
		{CA011850-6DBC-46D3-960B-840427B2F9B3}.Debug|Any CPU.ActiveCfg = Debug|Any CPU
		{CA011850-6DBC-46D3-960B-840427B2F9B3}.Debug|Any CPU.Build.0 = Debug|Any CPU
		{CA011850-6DBC-46D3-960B-840427B2F9B3}.Release|Any CPU.ActiveCfg = Release|Any CPU
		{CA011850-6DBC-46D3-960B-840427B2F9B3}.Release|Any CPU.Build.0 = Release|Any CPU
		{2302E0B2-D8EB-4827-8C26-3CEB108A4F3A}.Debug|Any CPU.ActiveCfg = Debug|Any CPU
		{2302E0B2-D8EB-4827-8C26-3CEB108A4F3A}.Debug|Any CPU.Build.0 = Debug|Any CPU
		{2302E0B2-D8EB-4827-8C26-3CEB108A4F3A}.Release|Any CPU.ActiveCfg = Release|Any CPU
		{2302E0B2-D8EB-4827-8C26-3CEB108A4F3A}.Release|Any CPU.Build.0 = Release|Any CPU
	EndGlobalSection
	GlobalSection(SolutionProperties) = preSolution
		HideSolutionNode = FALSE
	EndGlobalSection
	GlobalSection(ExtensibilityGlobals) = postSolution
		SolutionGuid = {A580B1D0-F343-433C-8895-0049AAFB4211}
	EndGlobalSection
EndGlobal
