
Microsoft Visual Studio Solution File, Format Version 12.00
# Visual Studio Version 16
VisualStudioVersion = 16.0.31613.86
MinimumVisualStudioVersion = 10.0.40219.1
Project("{9A19103F-16F7-4668-BE54-9A1E7A4F7556}") = "Entidades", "Entidades\Entidades.csproj", "{467AA1E1-972B-4C77-9BD7-7FB9535B734B}"
EndProject
Project("{FAE04EC0-301F-11D3-BF4B-00C04F79EFBC}") = "MiCalculadora", "MiCalculadora\MiCalculadora.csproj", "{EF34BD14-1D12-44BE-BD6E-0F97BBD6A4DA}"
EndProject
Global
	GlobalSection(SolutionConfigurationPlatforms) = preSolution
		Debug|Any CPU = Debug|Any CPU
		Release|Any CPU = Release|Any CPU
	EndGlobalSection
	GlobalSection(ProjectConfigurationPlatforms) = postSolution
		{467AA1E1-972B-4C77-9BD7-7FB9535B734B}.Debug|Any CPU.ActiveCfg = Debug|Any CPU
		{467AA1E1-972B-4C77-9BD7-7FB9535B734B}.Debug|Any CPU.Build.0 = Debug|Any CPU
		{467AA1E1-972B-4C77-9BD7-7FB9535B734B}.Release|Any CPU.ActiveCfg = Release|Any CPU
		{467AA1E1-972B-4C77-9BD7-7FB9535B734B}.Release|Any CPU.Build.0 = Release|Any CPU
		{EF34BD14-1D12-44BE-BD6E-0F97BBD6A4DA}.Debug|Any CPU.ActiveCfg = Debug|Any CPU
		{EF34BD14-1D12-44BE-BD6E-0F97BBD6A4DA}.Debug|Any CPU.Build.0 = Debug|Any CPU
		{EF34BD14-1D12-44BE-BD6E-0F97BBD6A4DA}.Release|Any CPU.ActiveCfg = Release|Any CPU
		{EF34BD14-1D12-44BE-BD6E-0F97BBD6A4DA}.Release|Any CPU.Build.0 = Release|Any CPU
	EndGlobalSection
	GlobalSection(SolutionProperties) = preSolution
		HideSolutionNode = FALSE
	EndGlobalSection
	GlobalSection(ExtensibilityGlobals) = postSolution
		SolutionGuid = {F6900FE4-7310-42AE-B768-8C699C3F0B74}
	EndGlobalSection
EndGlobal
